{
  "nodes": {
    "nixpkgs": {
      "locked": {
        "lastModified": 1789149629,
        "narHash": "sha256-H6GwaZzZf+4npqv0tph94w9tZddSjFjmQrVsW0z78uk=",
        "owner": "NixOS",
        "repo": "nixpkgs",
        "rev": "eaad089433ca2bb662274377d33df3d0e51ef28b",
        "type": "github"
      },
      "original": {
        "owner": "NixOS",
        "ref": "nixos-unstable",
        "repo": "nixpkgs",
        "type": "github"
      }
    },
    "nixpkgs_2": {
      "locked": {
        "lastModified": 1789149629,
        "narHash": "sha256-H6GwaZzZf+4npqv0tph94w9tZddSjFjmQrVsW0z78uk=",
        "owner": "NixOS",
        "repo": "nixpkgs",
        "rev": "eaad089433ca2bb662274377d33df3d0e51ef28b",
        "type": "github"
      },
      "original": {
        "owner": "NixOS",
        "ref": "nixos-unstable",
        "repo": "nixpkgs",
        "type": "github"
      }
    },
    "root": {
      "inputs": {
        "nixpkgs": "nixpkgs",
        "tinyFlake": "tinyFlake"
      }
    },
    "tinyFlake": {
      "inputs": {
        "nixpkgs": "nixpkgs_2"
      },
      "locked": {
        "lastModified": 1786980976,
        "narHash": "sha256-lWIRKi2OF4wSNCQ4NAWxs5Ch7o3kYYJqqu+SKf8dKAE=",
        "owner": "quackhack-mcblindy",
        "repo": "tinyFlake",
        "rev": "c418eaa4d15282b8ce47d9edb37c0fe3111e9b46",
        "type": "github"
      },
      "original": {
        "owner": "quackhack-mcblindy",
        "repo": "tinyFlake",
        "type": "github"
      }
    }
  },
  "root": "root",
  "version": 7
}
